
Microsoft Visual Studio Solution File, Format Version 12.00
# Visual Studio Version 17
VisualStudioVersion = 17.2.32616.157
MinimumVisualStudioVersion = 10.0.40219.1
Project("{FAE04EC0-301F-11D3-BF4B-00C04F79EFBC}") = "Online Library Management System", "Online Library Management System\Online Library Management System.csproj", "{EB4D2E5E-1900-4FC9-9092-AD551E86797B}"
EndProject
Global
	GlobalSection(SolutionConfigurationPlatforms) = preSolution
		Debug|Any CPU = Debug|Any CPU
		Release|Any CPU = Release|Any CPU
	EndGlobalSection
	GlobalSection(ProjectConfigurationPlatforms) = postSolution
		{EB4D2E5E-1900-4FC9-9092-AD551E86797B}.Debug|Any CPU.ActiveCfg = Debug|Any CPU
		{EB4D2E5E-1900-4FC9-9092-AD551E86797B}.Debug|Any CPU.Build.0 = Debug|Any CPU
		{EB4D2E5E-1900-4FC9-9092-AD551E86797B}.Release|Any CPU.ActiveCfg = Release|Any CPU
		{EB4D2E5E-1900-4FC9-9092-AD551E86797B}.Release|Any CPU.Build.0 = Release|Any CPU
	EndGlobalSection
	GlobalSection(SolutionProperties) = preSolution
		HideSolutionNode = FALSE
	EndGlobalSection
	GlobalSection(ExtensibilityGlobals) = postSolution
		SolutionGuid = {334E7BF9-A094-4AD0-BE8A-6D71BCD42886}
	EndGlobalSection
EndGlobal
